
Microsoft Visual Studio Solution File, Format Version 12.00
# Visual Studio Version 17
VisualStudioVersion = 17.9.34728.123
MinimumVisualStudioVersion = 10.0.40219.1
Project("{FAE04EC0-301F-11D3-BF4B-00C04F79EFBC}") = "LectorBarcodes", "LectorBarcodes\LectorBarcodes.csproj", "{1DB54042-B510-41CE-BE26-E22152F36DBE}"
EndProject
Global
	GlobalSection(SolutionConfigurationPlatforms) = preSolution
		Debug|Any CPU = Debug|Any CPU
		Release|Any CPU = Release|Any CPU
	EndGlobalSection
	GlobalSection(ProjectConfigurationPlatforms) = postSolution
		{1DB54042-B510-41CE-BE26-E22152F36DBE}.Debug|Any CPU.ActiveCfg = Debug|Any CPU
		{1DB54042-B510-41CE-BE26-E22152F36DBE}.Debug|Any CPU.Build.0 = Debug|Any CPU
		{1DB54042-B510-41CE-BE26-E22152F36DBE}.Release|Any CPU.ActiveCfg = Release|Any CPU
		{1DB54042-B510-41CE-BE26-E22152F36DBE}.Release|Any CPU.Build.0 = Release|Any CPU
	EndGlobalSection
	GlobalSection(SolutionProperties) = preSolution
		HideSolutionNode = FALSE
	EndGlobalSection
	GlobalSection(ExtensibilityGlobals) = postSolution
		SolutionGuid = {2E2EE05E-2A39-4340-8A04-38A8CED6C3EF}
	EndGlobalSection
EndGlobal
